
Microsoft Visual Studio Solution File, Format Version 12.00
# Visual Studio 14
VisualStudioVersion = 14.0.25420.1
MinimumVisualStudioVersion = 10.0.40219.1
Project("{FAE04EC0-301F-11D3-BF4B-00C04F79EFBC}") = "TestCreatedInVS", "TestCreatedInVS\TestCreatedInVS.csproj", "{00B004D1-1F0A-443B-9184-82707B280052}"
EndProject
Global
	GlobalSection(SolutionConfigurationPlatforms) = preSolution
		Debug|Any CPU = Debug|Any CPU
		Release|Any CPU = Release|Any CPU
	EndGlobalSection
	GlobalSection(ProjectConfigurationPlatforms) = postSolution
		{00B004D1-1F0A-443B-9184-82707B280052}.Debug|Any CPU.ActiveCfg = Debug|Any CPU
		{00B004D1-1F0A-443B-9184-82707B280052}.Debug|Any CPU.Build.0 = Debug|Any CPU
		{00B004D1-1F0A-443B-9184-82707B280052}.Release|Any CPU.ActiveCfg = Release|Any CPU
		{00B004D1-1F0A-443B-9184-82707B280052}.Release|Any CPU.Build.0 = Release|Any CPU
	EndGlobalSection
	GlobalSection(SolutionProperties) = preSolution
		HideSolutionNode = FALSE
	EndGlobalSection
EndGlobal
